
Microsoft Visual Studio Solution File, Format Version 12.00
# Visual Studio Version 17
VisualStudioVersion = 17.14.36518.9 d17.14
MinimumVisualStudioVersion = 10.0.40219.1
Project("{FAE04EC0-301F-11D3-BF4B-00C04F79EFBC}") = "petstoreapidemo", "petstoreapidemo\petstoreapidemo.csproj", "{44B14B92-044F-417C-AFCC-A50F4F841897}"
EndProject
Global
	GlobalSection(SolutionConfigurationPlatforms) = preSolution
		Debug|Any CPU = Debug|Any CPU
		Release|Any CPU = Release|Any CPU
	EndGlobalSection
	GlobalSection(ProjectConfigurationPlatforms) = postSolution
		{44B14B92-044F-417C-AFCC-A50F4F841897}.Debug|Any CPU.ActiveCfg = Debug|Any CPU
		{44B14B92-044F-417C-AFCC-A50F4F841897}.Debug|Any CPU.Build.0 = Debug|Any CPU
		{44B14B92-044F-417C-AFCC-A50F4F841897}.Release|Any CPU.ActiveCfg = Release|Any CPU
		{44B14B92-044F-417C-AFCC-A50F4F841897}.Release|Any CPU.Build.0 = Release|Any CPU
	EndGlobalSection
	GlobalSection(SolutionProperties) = preSolution
		HideSolutionNode = FALSE
	EndGlobalSection
	GlobalSection(ExtensibilityGlobals) = postSolution
		SolutionGuid = {5E7A27E8-1D49-4495-A28B-D4A4B1D8D55F}
	EndGlobalSection
EndGlobal
